
Microsoft Visual Studio Solution File, Format Version 12.00
# Visual Studio 14
VisualStudioVersion = 14.0.23107.0
MinimumVisualStudioVersion = 10.0.40219.1
Project("{FAE04EC0-301F-11D3-BF4B-00C04F79EFBC}") = "7-Otobüs Uygulaması", "7-Otobüs Uygulaması\7-Otobüs Uygulaması.csproj", "{D5EEE67E-099C-442E-8108-6F91FA242B1F}"
EndProject
Global
	GlobalSection(SolutionConfigurationPlatforms) = preSolution
		Debug|Any CPU = Debug|Any CPU
		Release|Any CPU = Release|Any CPU
	EndGlobalSection
	GlobalSection(ProjectConfigurationPlatforms) = postSolution
		{D5EEE67E-099C-442E-8108-6F91FA242B1F}.Debug|Any CPU.ActiveCfg = Debug|Any CPU
		{D5EEE67E-099C-442E-8108-6F91FA242B1F}.Debug|Any CPU.Build.0 = Debug|Any CPU
		{D5EEE67E-099C-442E-8108-6F91FA242B1F}.Release|Any CPU.ActiveCfg = Release|Any CPU
		{D5EEE67E-099C-442E-8108-6F91FA242B1F}.Release|Any CPU.Build.0 = Release|Any CPU
	EndGlobalSection
	GlobalSection(SolutionProperties) = preSolution
		HideSolutionNode = FALSE
	EndGlobalSection
EndGlobal
